
Microsoft Visual Studio Solution File, Format Version 12.00
# Visual Studio Version 17
VisualStudioVersion = 17.4.33205.214
MinimumVisualStudioVersion = 10.0.40219.1
Project("{FAE04EC0-301F-11D3-BF4B-00C04F79EFBC}") = "SmartShcool.API", "SmartShcool.API\SmartShcool.API.csproj", "{1974E315-9971-43D1-9C9E-C14A49E4ACDF}"
EndProject
Global
	GlobalSection(SolutionConfigurationPlatforms) = preSolution
		Debug|Any CPU = Debug|Any CPU
		Release|Any CPU = Release|Any CPU
	EndGlobalSection
	GlobalSection(ProjectConfigurationPlatforms) = postSolution
		{1974E315-9971-43D1-9C9E-C14A49E4ACDF}.Debug|Any CPU.ActiveCfg = Debug|Any CPU
		{1974E315-9971-43D1-9C9E-C14A49E4ACDF}.Debug|Any CPU.Build.0 = Debug|Any CPU
		{1974E315-9971-43D1-9C9E-C14A49E4ACDF}.Release|Any CPU.ActiveCfg = Release|Any CPU
		{1974E315-9971-43D1-9C9E-C14A49E4ACDF}.Release|Any CPU.Build.0 = Release|Any CPU
	EndGlobalSection
	GlobalSection(SolutionProperties) = preSolution
		HideSolutionNode = FALSE
	EndGlobalSection
	GlobalSection(ExtensibilityGlobals) = postSolution
		SolutionGuid = {4470D421-63F8-4693-86E5-76D266C71B0C}
	EndGlobalSection
EndGlobal
